
Microsoft Visual Studio Solution File, Format Version 12.00
# Visual Studio Version 16
VisualStudioVersion = 16.0.29728.190
MinimumVisualStudioVersion = 10.0.40219.1
Project("{FAE04EC0-301F-11D3-BF4B-00C04F79EFBC}") = "WindowsClicker", "WindowsClicker\WindowsClicker.csproj", "{8EB84075-BC54-4CDD-B9C5-C7DC69511AD7}"
EndProject
Global
	GlobalSection(SolutionConfigurationPlatforms) = preSolution
		Debug|Any CPU = Debug|Any CPU
		Release|Any CPU = Release|Any CPU
	EndGlobalSection
	GlobalSection(ProjectConfigurationPlatforms) = postSolution
		{8EB84075-BC54-4CDD-B9C5-C7DC69511AD7}.Debug|Any CPU.ActiveCfg = Debug|Any CPU
		{8EB84075-BC54-4CDD-B9C5-C7DC69511AD7}.Debug|Any CPU.Build.0 = Debug|Any CPU
		{8EB84075-BC54-4CDD-B9C5-C7DC69511AD7}.Release|Any CPU.ActiveCfg = Release|Any CPU
		{8EB84075-BC54-4CDD-B9C5-C7DC69511AD7}.Release|Any CPU.Build.0 = Release|Any CPU
	EndGlobalSection
	GlobalSection(SolutionProperties) = preSolution
		HideSolutionNode = FALSE
	EndGlobalSection
	GlobalSection(ExtensibilityGlobals) = postSolution
		SolutionGuid = {9FB3BFF9-B29F-42CC-AF5B-215BCD959133}
	EndGlobalSection
EndGlobal
